{
  "meteor": {},
  "dependencies": {
    "basePackages": {
      "bootstrap-updated": {}
    },
    "packages": {
      "bootstrap-updated": {
        "git": "https://github.com/Charuru/bootstrap-updated.git",
        "tag": "v1.0.1",
        "commit": "bdd5fcc8e134e62bcbb9d11aad8270534ffb6493"
      }
    }
  }
}
