{
  "meteor": {},
  "dependencies": {
    "basePackages": {
      "bootstrap-updated": {},
      "router": {},
      "blade": {},
      "marked": {},
      "font-awesome": {}
    },
    "packages": {
      "bootstrap-updated": {
        "git": "https://github.com/Charuru/bootstrap-updated.git",
        "tag": "v1.0.1",
        "commit": "bdd5fcc8e134e62bcbb9d11aad8270534ffb6493"
      },
      "router": {
        "git": "https://github.com/tmeasday/meteor-router.git",
        "tag": "v0.5.1",
        "commit": "32e377c7703bb119acccc859fc7296882903cbe7"
      },
      "blade": {
        "git": "https://github.com/bminer/meteor-blade.git",
        "tag": "v3.2.6meteor1",
        "commit": "f0810fd031781c84a9b5a14fd84c5b9d060ab336"
      },
      "marked": {
        "git": "https://github.com/chuangbo/meteor-marked.git",
        "tag": "v0.2.8.2",
        "commit": "f5d9d6dbc013ad1bd568fa610eb4d8a479943f18"
      },
      "font-awesome": {
        "git": "https://github.com/nate-strauser/meteor-font-awesome.git",
        "tag": "v3.2.0",
        "commit": "2cba6f907a2579cae2d399b522f9544c13d5e091"
      },
      "page-js-ie-support": {
        "git": "https://github.com/tmeasday/meteor-page-js-ie-support.git",
        "tag": "v1.3.5",
        "commit": "b99ed8380aefd10b2afc8f18d9eed4dd0d8ea9cb"
      }
    }
  }
}
