{
  "meteor": {},
  "dependencies": {
    "basePackages": {
      "momentjs": {},
      "accounts-ui-bootstrap-dropdown": {
        "git": "https://github.com/rantav/meteor-accounts-ui-bootstrap-dropdown",
        "branch": "master"
      },
      "npm": {},
      "collection-hooks": {
        "version": "0.3.2"
      },
      "migrations": {},
      "iron-router": {},
      "http-methods": {},
      "pince": {},
      "server-eval": {},
      "crypto-base64": {}
    },
    "packages": {
      "momentjs": {
        "git": "https://github.com/crapthings/meteor-momentjs.git",
        "tag": "v2.1.0.2",
        "commit": "59a762e297082eea8b8cae00374c2b7ac6f89529"
      },
      "accounts-ui-bootstrap-dropdown": {
        "git": "https://github.com/rantav/meteor-accounts-ui-bootstrap-dropdown",
        "branch": "master",
        "commit": "4239db69d0ca77b2c52695605356144ac6dffff4"
      },
      "npm": {
        "git": "https://github.com/arunoda/meteor-npm.git",
        "tag": "v0.2.6",
        "commit": "177ab6118de5bf8cffb19481343d5762ff7a2aaf"
      },
      "collection-hooks": {
        "git": "https://github.com/matb33/meteor-collection-hooks.git",
        "tag": "v0.3.2",
        "commit": "200b3b1de905fdc639223d7696d64ce41dd8cebd"
      },
      "migrations": {
        "git": "https://github.com/rantav/meteor-migrations.git",
        "tag": "v0.0.2",
        "commit": "4e75c06b8e94961567765c4dea20a007816ad274"
      },
      "iron-router": {
        "git": "https://github.com/EventedMind/iron-router.git",
        "tag": "v0.6.1",
        "commit": "4e1ee0581d68bff422a915dacb0bd30eae10fe08"
      },
      "http-methods": {
        "git": "https://github.com/CollectionFS/Meteor-http-methods.git",
        "tag": "v0.0.10",
        "commit": "7fd4c5231611162add8cd849b0f7d6fbe041d5ba"
      },
      "pince": {
        "git": "https://github.com/mad-eye/pince.git",
        "tag": "v0.0.2",
        "commit": "ac4c09d12b850ce09f2deefbcbfd13a6620ec7aa"
      },
      "server-eval": {
        "git": "https://github.com/gandev-de/meteor-server-eval.git",
        "tag": "v0.4.0",
        "commit": "15ea0a6ae43f453d772fff09956bc247331d4b65"
      },
      "crypto-base64": {
        "git": "https://github.com/dandv/meteor-crypto-base64.git",
        "tag": "v3.1.2.0",
        "commit": "03e523e80faaf7b10191ea50493414bec7cd0e3d"
      },
      "crypto-base": {
        "git": "https://github.com/oortcloud/meteor-crypto-base.git",
        "tag": "v3.1.2.1",
        "commit": "5df8d82a0595553415bbfae2930c6ecbeece5794"
      }
    }
  }
}
