{
  "meteor": {},
  "dependencies": {
    "basePackages": {
      "momentjs": {},
      "accounts-ui-bootstrap-dropdown": {
        "git": "https://github.com/rantav/meteor-accounts-ui-bootstrap-dropdown",
        "branch": "master"
      },
      "npm": {},
      "collection-hooks": {
        "version": "0.3.2"
      },
      "migrations": {},
      "iron-router": {},
      "http-methods": {}
    },
    "packages": {
      "momentjs": {
        "git": "https://github.com/crapthings/meteor-momentjs.git",
        "tag": "v2.1.0.2",
        "commit": "59a762e297082eea8b8cae00374c2b7ac6f89529"
      },
      "accounts-ui-bootstrap-dropdown": {
        "git": "https://github.com/rantav/meteor-accounts-ui-bootstrap-dropdown",
        "branch": "master",
        "commit": "4239db69d0ca77b2c52695605356144ac6dffff4"
      },
      "npm": {
        "git": "https://github.com/arunoda/meteor-npm.git",
        "tag": "v0.2.2",
        "commit": "ad83acff83385d5ea05997c8bbc2d7493ba4c04e"
      },
      "collection-hooks": {
        "git": "https://github.com/matb33/meteor-collection-hooks.git",
        "tag": "v0.3.2",
        "commit": "200b3b1de905fdc639223d7696d64ce41dd8cebd"
      },
      "migrations": {
        "git": "https://github.com/rantav/meteor-migrations.git",
        "tag": "v0.0.2",
        "commit": "4e75c06b8e94961567765c4dea20a007816ad274"
      },
      "iron-router": {
        "git": "https://github.com/EventedMind/iron-router.git",
        "tag": "v0.6.1",
        "commit": "4e1ee0581d68bff422a915dacb0bd30eae10fe08"
      },
      "http-methods": {
        "git": "https://github.com/CollectionFS/Meteor-http-methods.git",
        "tag": "v0.0.10",
        "commit": "7fd4c5231611162add8cd849b0f7d6fbe041d5ba"
      }
    }
  }
}
